
Microsoft Visual Studio Solution File, Format Version 12.00
# Visual Studio Version 16
VisualStudioVersion = 16.0.29409.12
MinimumVisualStudioVersion = 10.0.40219.1
Project("{FAE04EC0-301F-11D3-BF4B-00C04F79EFBC}") = "Tripero.UWP", "Tripero\Tripero.UWP\Tripero.UWP.csproj", "{FBDC0A41-5C80-4E3A-949C-4301521328CF}"
EndProject
Project("{FAE04EC0-301F-11D3-BF4B-00C04F79EFBC}") = "Tripero.Android", "Tripero\Tripero.Android\Tripero.Android.csproj", "{DABB2EA3-5DD5-416E-856F-7B198F992282}"
EndProject
Project("{FAE04EC0-301F-11D3-BF4B-00C04F79EFBC}") = "Tripero.iOS", "Tripero\Tripero.iOS\Tripero.iOS.csproj", "{AF629818-90AC-4DC5-AD6A-839FB0D181A0}"
EndProject
Project("{FAE04EC0-301F-11D3-BF4B-00C04F79EFBC}") = "Tripero", "Tripero\Tripero\Tripero.csproj", "{500E3270-CC49-4D7B-9128-3C38424B3379}"
EndProject
Global
	GlobalSection(SolutionConfigurationPlatforms) = preSolution
		Debug|Any CPU = Debug|Any CPU
		Debug|ARM = Debug|ARM
		Debug|iPhone = Debug|iPhone
		Debug|iPhoneSimulator = Debug|iPhoneSimulator
		Debug|x64 = Debug|x64
		Debug|x86 = Debug|x86
		Release|Any CPU = Release|Any CPU
		Release|ARM = Release|ARM
		Release|iPhone = Release|iPhone
		Release|iPhoneSimulator = Release|iPhoneSimulator
		Release|x64 = Release|x64
		Release|x86 = Release|x86
	EndGlobalSection
	GlobalSection(ProjectConfigurationPlatforms) = postSolution
		{FBDC0A41-5C80-4E3A-949C-4301521328CF}.Debug|Any CPU.ActiveCfg = Debug|x86
		{FBDC0A41-5C80-4E3A-949C-4301521328CF}.Debug|Any CPU.Build.0 = Debug|x86
		{FBDC0A41-5C80-4E3A-949C-4301521328CF}.Debug|Any CPU.Deploy.0 = Debug|x86
		{FBDC0A41-5C80-4E3A-949C-4301521328CF}.Debug|ARM.ActiveCfg = Debug|ARM
		{FBDC0A41-5C80-4E3A-949C-4301521328CF}.Debug|ARM.Build.0 = Debug|ARM
		{FBDC0A41-5C80-4E3A-949C-4301521328CF}.Debug|ARM.Deploy.0 = Debug|ARM
		{FBDC0A41-5C80-4E3A-949C-4301521328CF}.Debug|iPhone.ActiveCfg = Debug|x86
		{FBDC0A41-5C80-4E3A-949C-4301521328CF}.Debug|iPhone.Build.0 = Debug|x86
		{FBDC0A41-5C80-4E3A-949C-4301521328CF}.Debug|iPhone.Deploy.0 = Debug|x86
		{FBDC0A41-5C80-4E3A-949C-4301521328CF}.Debug|iPhoneSimulator.ActiveCfg = Debug|x86
		{FBDC0A41-5C80-4E3A-949C-4301521328CF}.Debug|iPhoneSimulator.Build.0 = Debug|x86
		{FBDC0A41-5C80-4E3A-949C-4301521328CF}.Debug|iPhoneSimulator.Deploy.0 = Debug|x86
		{FBDC0A41-5C80-4E3A-949C-4301521328CF}.Debug|x64.ActiveCfg = Debug|x64
		{FBDC0A41-5C80-4E3A-949C-4301521328CF}.Debug|x64.Build.0 = Debug|x64
		{FBDC0A41-5C80-4E3A-949C-4301521328CF}.Debug|x64.Deploy.0 = Debug|x64
		{FBDC0A41-5C80-4E3A-949C-4301521328CF}.Debug|x86.ActiveCfg = Debug|x86
		{FBDC0A41-5C80-4E3A-949C-4301521328CF}.Debug|x86.Build.0 = Debug|x86
		{FBDC0A41-5C80-4E3A-949C-4301521328CF}.Debug|x86.Deploy.0 = Debug|x86
		{FBDC0A41-5C80-4E3A-949C-4301521328CF}.Release|Any CPU.ActiveCfg = Release|x86
		{FBDC0A41-5C80-4E3A-949C-4301521328CF}.Release|Any CPU.Build.0 = Release|x86
		{FBDC0A41-5C80-4E3A-949C-4301521328CF}.Release|Any CPU.Deploy.0 = Release|x86
		{FBDC0A41-5C80-4E3A-949C-4301521328CF}.Release|ARM.ActiveCfg = Release|ARM
		{FBDC0A41-5C80-4E3A-949C-4301521328CF}.Release|ARM.Build.0 = Release|ARM
		{FBDC0A41-5C80-4E3A-949C-4301521328CF}.Release|ARM.Deploy.0 = Release|ARM
		{FBDC0A41-5C80-4E3A-949C-4301521328CF}.Release|iPhone.ActiveCfg = Release|x86
		{FBDC0A41-5C80-4E3A-949C-4301521328CF}.Release|iPhone.Build.0 = Release|x86
		{FBDC0A41-5C80-4E3A-949C-4301521328CF}.Release|iPhone.Deploy.0 = Release|x86
		{FBDC0A41-5C80-4E3A-949C-4301521328CF}.Release|iPhoneSimulator.ActiveCfg = Release|x86
		{FBDC0A41-5C80-4E3A-949C-4301521328CF}.Release|iPhoneSimulator.Build.0 = Release|x86
		{FBDC0A41-5C80-4E3A-949C-4301521328CF}.Release|iPhoneSimulator.Deploy.0 = Release|x86
		{FBDC0A41-5C80-4E3A-949C-4301521328CF}.Release|x64.ActiveCfg = Release|x64
		{FBDC0A41-5C80-4E3A-949C-4301521328CF}.Release|x64.Build.0 = Release|x64
		{FBDC0A41-5C80-4E3A-949C-4301521328CF}.Release|x64.Deploy.0 = Release|x64
		{FBDC0A41-5C80-4E3A-949C-4301521328CF}.Release|x86.ActiveCfg = Release|x86
		{FBDC0A41-5C80-4E3A-949C-4301521328CF}.Release|x86.Build.0 = Release|x86
		{FBDC0A41-5C80-4E3A-949C-4301521328CF}.Release|x86.Deploy.0 = Release|x86
		{DABB2EA3-5DD5-416E-856F-7B198F992282}.Debug|Any CPU.ActiveCfg = Debug|Any CPU
		{DABB2EA3-5DD5-416E-856F-7B198F992282}.Debug|Any CPU.Build.0 = Debug|Any CPU
		{DABB2EA3-5DD5-416E-856F-7B198F992282}.Debug|Any CPU.Deploy.0 = Debug|Any CPU
		{DABB2EA3-5DD5-416E-856F-7B198F992282}.Debug|ARM.ActiveCfg = Debug|Any CPU
		{DABB2EA3-5DD5-416E-856F-7B198F992282}.Debug|ARM.Build.0 = Debug|Any CPU
		{DABB2EA3-5DD5-416E-856F-7B198F992282}.Debug|ARM.Deploy.0 = Debug|Any CPU
		{DABB2EA3-5DD5-416E-856F-7B198F992282}.Debug|iPhone.ActiveCfg = Debug|Any CPU
		{DABB2EA3-5DD5-416E-856F-7B198F992282}.Debug|iPhone.Build.0 = Debug|Any CPU
		{DABB2EA3-5DD5-416E-856F-7B198F992282}.Debug|iPhone.Deploy.0 = Debug|Any CPU
		{DABB2EA3-5DD5-416E-856F-7B198F992282}.Debug|iPhoneSimulator.ActiveCfg = Debug|Any CPU
		{DABB2EA3-5DD5-416E-856F-7B198F992282}.Debug|iPhoneSimulator.Build.0 = Debug|Any CPU
		{DABB2EA3-5DD5-416E-856F-7B198F992282}.Debug|iPhoneSimulator.Deploy.0 = Debug|Any CPU
		{DABB2EA3-5DD5-416E-856F-7B198F992282}.Debug|x64.ActiveCfg = Debug|Any CPU
		{DABB2EA3-5DD5-416E-856F-7B198F992282}.Debug|x64.Build.0 = Debug|Any CPU
		{DABB2EA3-5DD5-416E-856F-7B198F992282}.Debug|x64.Deploy.0 = Debug|Any CPU
		{DABB2EA3-5DD5-416E-856F-7B198F992282}.Debug|x86.ActiveCfg = Debug|Any CPU
		{DABB2EA3-5DD5-416E-856F-7B198F992282}.Debug|x86.Build.0 = Debug|Any CPU
		{DABB2EA3-5DD5-416E-856F-7B198F992282}.Debug|x86.Deploy.0 = Debug|Any CPU
		{DABB2EA3-5DD5-416E-856F-7B198F992282}.Release|Any CPU.ActiveCfg = Release|Any CPU
		{DABB2EA3-5DD5-416E-856F-7B198F992282}.Release|Any CPU.Build.0 = Release|Any CPU
		{DABB2EA3-5DD5-416E-856F-7B198F992282}.Release|Any CPU.Deploy.0 = Release|Any CPU
		{DABB2EA3-5DD5-416E-856F-7B198F992282}.Release|ARM.ActiveCfg = Release|Any CPU
		{DABB2EA3-5DD5-416E-856F-7B198F992282}.Release|ARM.Build.0 = Release|Any CPU
		{DABB2EA3-5DD5-416E-856F-7B198F992282}.Release|ARM.Deploy.0 = Release|Any CPU
		{DABB2EA3-5DD5-416E-856F-7B198F992282}.Release|iPhone.ActiveCfg = Release|Any CPU
		{DABB2EA3-5DD5-416E-856F-7B198F992282}.Release|iPhone.Build.0 = Release|Any CPU
		{DABB2EA3-5DD5-416E-856F-7B198F992282}.Release|iPhone.Deploy.0 = Release|Any CPU
		{DABB2EA3-5DD5-416E-856F-7B198F992282}.Release|iPhoneSimulator.ActiveCfg = Release|Any CPU
		{DABB2EA3-5DD5-416E-856F-7B198F992282}.Release|iPhoneSimulator.Build.0 = Release|Any CPU
		{DABB2EA3-5DD5-416E-856F-7B198F992282}.Release|iPhoneSimulator.Deploy.0 = Release|Any CPU
		{DABB2EA3-5DD5-416E-856F-7B198F992282}.Release|x64.ActiveCfg = Release|Any CPU
		{DABB2EA3-5DD5-416E-856F-7B198F992282}.Release|x64.Build.0 = Release|Any CPU
		{DABB2EA3-5DD5-416E-856F-7B198F992282}.Release|x64.Deploy.0 = Release|Any CPU
		{DABB2EA3-5DD5-416E-856F-7B198F992282}.Release|x86.ActiveCfg = Release|Any CPU
		{DABB2EA3-5DD5-416E-856F-7B198F992282}.Release|x86.Build.0 = Release|Any CPU
		{DABB2EA3-5DD5-416E-856F-7B198F992282}.Release|x86.Deploy.0 = Release|Any CPU
		{AF629818-90AC-4DC5-AD6A-839FB0D181A0}.Debug|Any CPU.ActiveCfg = Debug|iPhone
		{AF629818-90AC-4DC5-AD6A-839FB0D181A0}.Debug|Any CPU.Build.0 = Debug|iPhone
		{AF629818-90AC-4DC5-AD6A-839FB0D181A0}.Debug|Any CPU.Deploy.0 = Debug|iPhone
		{AF629818-90AC-4DC5-AD6A-839FB0D181A0}.Debug|ARM.ActiveCfg = Debug|iPhoneSimulator
		{AF629818-90AC-4DC5-AD6A-839FB0D181A0}.Debug|ARM.Build.0 = Debug|iPhoneSimulator
		{AF629818-90AC-4DC5-AD6A-839FB0D181A0}.Debug|ARM.Deploy.0 = Debug|iPhoneSimulator
		{AF629818-90AC-4DC5-AD6A-839FB0D181A0}.Debug|iPhone.ActiveCfg = Debug|iPhone
		{AF629818-90AC-4DC5-AD6A-839FB0D181A0}.Debug|iPhone.Build.0 = Debug|iPhone
		{AF629818-90AC-4DC5-AD6A-839FB0D181A0}.Debug|iPhone.Deploy.0 = Debug|iPhone
		{AF629818-90AC-4DC5-AD6A-839FB0D181A0}.Debug|iPhoneSimulator.ActiveCfg = Debug|iPhoneSimulator
		{AF629818-90AC-4DC5-AD6A-839FB0D181A0}.Debug|iPhoneSimulator.Build.0 = Debug|iPhoneSimulator
		{AF629818-90AC-4DC5-AD6A-839FB0D181A0}.Debug|iPhoneSimulator.Deploy.0 = Debug|iPhoneSimulator
		{AF629818-90AC-4DC5-AD6A-839FB0D181A0}.Debug|x64.ActiveCfg = Debug|iPhone
		{AF629818-90AC-4DC5-AD6A-839FB0D181A0}.Debug|x64.Build.0 = Debug|iPhone
		{AF629818-90AC-4DC5-AD6A-839FB0D181A0}.Debug|x64.Deploy.0 = Debug|iPhone
		{AF629818-90AC-4DC5-AD6A-839FB0D181A0}.Debug|x86.ActiveCfg = Debug|iPhone
		{AF629818-90AC-4DC5-AD6A-839FB0D181A0}.Debug|x86.Build.0 = Debug|iPhone
		{AF629818-90AC-4DC5-AD6A-839FB0D181A0}.Debug|x86.Deploy.0 = Debug|iPhone
		{AF629818-90AC-4DC5-AD6A-839FB0D181A0}.Release|Any CPU.ActiveCfg = Release|iPhone
		{AF629818-90AC-4DC5-AD6A-839FB0D181A0}.Release|Any CPU.Build.0 = Release|iPhone
		{AF629818-90AC-4DC5-AD6A-839FB0D181A0}.Release|Any CPU.Deploy.0 = Release|iPhone
		{AF629818-90AC-4DC5-AD6A-839FB0D181A0}.Release|ARM.ActiveCfg = Release|iPhone
		{AF629818-90AC-4DC5-AD6A-839FB0D181A0}.Release|ARM.Build.0 = Release|iPhone
		{AF629818-90AC-4DC5-AD6A-839FB0D181A0}.Release|ARM.Deploy.0 = Release|iPhone
		{AF629818-90AC-4DC5-AD6A-839FB0D181A0}.Release|iPhone.ActiveCfg = Release|iPhone
		{AF629818-90AC-4DC5-AD6A-839FB0D181A0}.Release|iPhone.Build.0 = Release|iPhone
		{AF629818-90AC-4DC5-AD6A-839FB0D181A0}.Release|iPhone.Deploy.0 = Release|iPhone
		{AF629818-90AC-4DC5-AD6A-839FB0D181A0}.Release|iPhoneSimulator.ActiveCfg = Release|iPhoneSimulator
		{AF629818-90AC-4DC5-AD6A-839FB0D181A0}.Release|iPhoneSimulator.Build.0 = Release|iPhoneSimulator
		{AF629818-90AC-4DC5-AD6A-839FB0D181A0}.Release|iPhoneSimulator.Deploy.0 = Release|iPhoneSimulator
		{AF629818-90AC-4DC5-AD6A-839FB0D181A0}.Release|x64.ActiveCfg = Release|iPhone
		{AF629818-90AC-4DC5-AD6A-839FB0D181A0}.Release|x64.Build.0 = Release|iPhone
		{AF629818-90AC-4DC5-AD6A-839FB0D181A0}.Release|x64.Deploy.0 = Release|iPhone
		{AF629818-90AC-4DC5-AD6A-839FB0D181A0}.Release|x86.ActiveCfg = Release|iPhone
		{AF629818-90AC-4DC5-AD6A-839FB0D181A0}.Release|x86.Build.0 = Release|iPhone
		{AF629818-90AC-4DC5-AD6A-839FB0D181A0}.Release|x86.Deploy.0 = Release|iPhone
		{500E3270-CC49-4D7B-9128-3C38424B3379}.Debug|Any CPU.ActiveCfg = Debug|Any CPU
		{500E3270-CC49-4D7B-9128-3C38424B3379}.Debug|Any CPU.Build.0 = Debug|Any CPU
		{500E3270-CC49-4D7B-9128-3C38424B3379}.Debug|Any CPU.Deploy.0 = Debug|Any CPU
		{500E3270-CC49-4D7B-9128-3C38424B3379}.Debug|ARM.ActiveCfg = Debug|Any CPU
		{500E3270-CC49-4D7B-9128-3C38424B3379}.Debug|ARM.Build.0 = Debug|Any CPU
		{500E3270-CC49-4D7B-9128-3C38424B3379}.Debug|ARM.Deploy.0 = Debug|Any CPU
		{500E3270-CC49-4D7B-9128-3C38424B3379}.Debug|iPhone.ActiveCfg = Debug|Any CPU
		{500E3270-CC49-4D7B-9128-3C38424B3379}.Debug|iPhone.Build.0 = Debug|Any CPU
		{500E3270-CC49-4D7B-9128-3C38424B3379}.Debug|iPhone.Deploy.0 = Debug|Any CPU
		{500E3270-CC49-4D7B-9128-3C38424B3379}.Debug|iPhoneSimulator.ActiveCfg = Debug|Any CPU
		{500E3270-CC49-4D7B-9128-3C38424B3379}.Debug|iPhoneSimulator.Build.0 = Debug|Any CPU
		{500E3270-CC49-4D7B-9128-3C38424B3379}.Debug|iPhoneSimulator.Deploy.0 = Debug|Any CPU
		{500E3270-CC49-4D7B-9128-3C38424B3379}.Debug|x64.ActiveCfg = Debug|Any CPU
		{500E3270-CC49-4D7B-9128-3C38424B3379}.Debug|x64.Build.0 = Debug|Any CPU
		{500E3270-CC49-4D7B-9128-3C38424B3379}.Debug|x64.Deploy.0 = Debug|Any CPU
		{500E3270-CC49-4D7B-9128-3C38424B3379}.Debug|x86.ActiveCfg = Debug|Any CPU
		{500E3270-CC49-4D7B-9128-3C38424B3379}.Debug|x86.Build.0 = Debug|Any CPU
		{500E3270-CC49-4D7B-9128-3C38424B3379}.Debug|x86.Deploy.0 = Debug|Any CPU
		{500E3270-CC49-4D7B-9128-3C38424B3379}.Release|Any CPU.ActiveCfg = Release|Any CPU
		{500E3270-CC49-4D7B-9128-3C38424B3379}.Release|Any CPU.Build.0 = Release|Any CPU
		{500E3270-CC49-4D7B-9128-3C38424B3379}.Release|Any CPU.Deploy.0 = Release|Any CPU
		{500E3270-CC49-4D7B-9128-3C38424B3379}.Release|ARM.ActiveCfg = Release|Any CPU
		{500E3270-CC49-4D7B-9128-3C38424B3379}.Release|ARM.Build.0 = Release|Any CPU
		{500E3270-CC49-4D7B-9128-3C38424B3379}.Release|ARM.Deploy.0 = Release|Any CPU
		{500E3270-CC49-4D7B-9128-3C38424B3379}.Release|iPhone.ActiveCfg = Release|Any CPU
		{500E3270-CC49-4D7B-9128-3C38424B3379}.Release|iPhone.Build.0 = Release|Any CPU
		{500E3270-CC49-4D7B-9128-3C38424B3379}.Release|iPhone.Deploy.0 = Release|Any CPU
		{500E3270-CC49-4D7B-9128-3C38424B3379}.Release|iPhoneSimulator.ActiveCfg = Release|Any CPU
		{500E3270-CC49-4D7B-9128-3C38424B3379}.Release|iPhoneSimulator.Build.0 = Release|Any CPU
		{500E3270-CC49-4D7B-9128-3C38424B3379}.Release|iPhoneSimulator.Deploy.0 = Release|Any CPU
		{500E3270-CC49-4D7B-9128-3C38424B3379}.Release|x64.ActiveCfg = Release|Any CPU
		{500E3270-CC49-4D7B-9128-3C38424B3379}.Release|x64.Build.0 = Release|Any CPU
		{500E3270-CC49-4D7B-9128-3C38424B3379}.Release|x64.Deploy.0 = Release|Any CPU
		{500E3270-CC49-4D7B-9128-3C38424B3379}.Release|x86.ActiveCfg = Release|Any CPU
		{500E3270-CC49-4D7B-9128-3C38424B3379}.Release|x86.Build.0 = Release|Any CPU
		{500E3270-CC49-4D7B-9128-3C38424B3379}.Release|x86.Deploy.0 = Release|Any CPU
	EndGlobalSection
	GlobalSection(SolutionProperties) = preSolution
		HideSolutionNode = FALSE
	EndGlobalSection
	GlobalSection(ExtensibilityGlobals) = postSolution
		SolutionGuid = {2FE54257-4A40-4C15-83FF-E59DA774E5EE}
	EndGlobalSection
EndGlobal
